{
  "originHash" : "587e28ff9af0924a7baa588538fe41bf95d637c4b4409cb3f2ff3281a244491c",
  "pins" : [
    {
      "identity" : "swift-fileio",
      "kind" : "remoteSourceControl",
      "location" : "https://github.com/p-x9/swift-fileio.git",
      "state" : {
        "revision" : "9376cbead67551a629e017cd1bba8460f111277d",
        "version" : "0.3.0"
      }
    }
  ],
  "version" : 3
}
